
Microsoft Visual Studio Solution File, Format Version 12.00
# Visual Studio 15
VisualStudioVersion = 15.0.27703.2035
MinimumVisualStudioVersion = 10.0.40219.1
Project("{FAE04EC0-301F-11D3-BF4B-00C04F79EFBC}") = "Sweepstakes", "Sweepstakes\Sweepstakes.csproj", "{ABB47CA3-8CCC-4CFF-881C-B31D62862161}"
EndProject
Global
	GlobalSection(SolutionConfigurationPlatforms) = preSolution
		Debug|Any CPU = Debug|Any CPU
		Release|Any CPU = Release|Any CPU
	EndGlobalSection
	GlobalSection(ProjectConfigurationPlatforms) = postSolution
		{ABB47CA3-8CCC-4CFF-881C-B31D62862161}.Debug|Any CPU.ActiveCfg = Debug|Any CPU
		{ABB47CA3-8CCC-4CFF-881C-B31D62862161}.Debug|Any CPU.Build.0 = Debug|Any CPU
		{ABB47CA3-8CCC-4CFF-881C-B31D62862161}.Release|Any CPU.ActiveCfg = Release|Any CPU
		{ABB47CA3-8CCC-4CFF-881C-B31D62862161}.Release|Any CPU.Build.0 = Release|Any CPU
	EndGlobalSection
	GlobalSection(SolutionProperties) = preSolution
		HideSolutionNode = FALSE
	EndGlobalSection
	GlobalSection(ExtensibilityGlobals) = postSolution
		SolutionGuid = {5B8FA8A7-8369-4998-8E36-92E68DF60929}
	EndGlobalSection
EndGlobal
